
Microsoft Visual Studio Solution File, Format Version 12.00
# Visual Studio 15
VisualStudioVersion = 15.0.28307.1259
MinimumVisualStudioVersion = 10.0.40219.1
Project("{FAE04EC0-301F-11D3-BF4B-00C04F79EFBC}") = "week3_Challenge", "week3_Challenge\week3_Challenge.csproj", "{723585F5-7668-4E01-B157-3504102E23CA}"
EndProject
Global
	GlobalSection(SolutionConfigurationPlatforms) = preSolution
		Debug|Any CPU = Debug|Any CPU
		Release|Any CPU = Release|Any CPU
	EndGlobalSection
	GlobalSection(ProjectConfigurationPlatforms) = postSolution
		{723585F5-7668-4E01-B157-3504102E23CA}.Debug|Any CPU.ActiveCfg = Debug|Any CPU
		{723585F5-7668-4E01-B157-3504102E23CA}.Debug|Any CPU.Build.0 = Debug|Any CPU
		{723585F5-7668-4E01-B157-3504102E23CA}.Release|Any CPU.ActiveCfg = Release|Any CPU
		{723585F5-7668-4E01-B157-3504102E23CA}.Release|Any CPU.Build.0 = Release|Any CPU
	EndGlobalSection
	GlobalSection(SolutionProperties) = preSolution
		HideSolutionNode = FALSE
	EndGlobalSection
	GlobalSection(ExtensibilityGlobals) = postSolution
		SolutionGuid = {87B1FD58-191F-4A03-869E-49D23DDC2FFC}
	EndGlobalSection
EndGlobal
